// !$*UTF8*$!
{
	archiveVersion = 1;
	classes = {
	};
	objectVersion = 55;
	objects = {

/* Begin PBXBuildFile section */
		01A8996A4E2401E81C3C8980 /* Pods_HaluEumpyoTests.framework in Frameworks */ = {isa = PBXBuildFile; fileRef = 7E5A9C6298A7E8179530CA43 /* Pods_HaluEumpyoTests.framework */; };
		12E5CD6E003F5782BE772AAF /* Pods_HaluEumpyo.framework in Frameworks */ = {isa = PBXBuildFile; fileRef = 252E4EBB32ED4862ADB62328 /* Pods_HaluEumpyo.framework */; };
		831FAFCE28070AA600040412 /* UICollectionView+Extension.swift in Sources */ = {isa = PBXBuildFile; fileRef = 831FAFCD28070AA600040412 /* UICollectionView+Extension.swift */; };
		831FAFD128070D2D00040412 /* Content.swift in Sources */ = {isa = PBXBuildFile; fileRef = 831FAFD028070D2D00040412 /* Content.swift */; };
		831FAFD328073DEC00040412 /* DatePickerViewController.swift in Sources */ = {isa = PBXBuildFile; fileRef = 831FAFD228073DEB00040412 /* DatePickerViewController.swift */; };
		831FAFD528074F3400040412 /* ModalPresentationController.swift in Sources */ = {isa = PBXBuildFile; fileRef = 831FAFD428074F3400040412 /* ModalPresentationController.swift */; };
		8368D7482801CF1F00350621 /* AppDelegate.swift in Sources */ = {isa = PBXBuildFile; fileRef = 8368D7472801CF1F00350621 /* AppDelegate.swift */; };
		8368D74A2801CF1F00350621 /* SceneDelegate.swift in Sources */ = {isa = PBXBuildFile; fileRef = 8368D7492801CF1F00350621 /* SceneDelegate.swift */; };
		8368D74C2801CF1F00350621 /* ViewController.swift in Sources */ = {isa = PBXBuildFile; fileRef = 8368D74B2801CF1F00350621 /* ViewController.swift */; };
		8368D74F2801CF1F00350621 /* Main.storyboard in Resources */ = {isa = PBXBuildFile; fileRef = 8368D74D2801CF1F00350621 /* Main.storyboard */; };
		8368D7512801CF2100350621 /* Assets.xcassets in Resources */ = {isa = PBXBuildFile; fileRef = 8368D7502801CF2100350621 /* Assets.xcassets */; };
		8368D7542801CF2100350621 /* LaunchScreen.storyboard in Resources */ = {isa = PBXBuildFile; fileRef = 8368D7522801CF2100350621 /* LaunchScreen.storyboard */; };
		8368D75F2801CF2200350621 /* HaluEumpyoTests.swift in Sources */ = {isa = PBXBuildFile; fileRef = 8368D75E2801CF2200350621 /* HaluEumpyoTests.swift */; };
		8368D7692801CF2200350621 /* HaluEumpyoUITests.swift in Sources */ = {isa = PBXBuildFile; fileRef = 8368D7682801CF2200350621 /* HaluEumpyoUITests.swift */; };
		8368D76B2801CF2200350621 /* HaluEumpyoUITestsLaunchTests.swift in Sources */ = {isa = PBXBuildFile; fileRef = 8368D76A2801CF2200350621 /* HaluEumpyoUITestsLaunchTests.swift */; };
		839306912802DD400088F2C6 /* BaseViewController.swift in Sources */ = {isa = PBXBuildFile; fileRef = 839306902802DD400088F2C6 /* BaseViewController.swift */; };
		83930694280305C00088F2C6 /* .swiftlint.yml in Resources */ = {isa = PBXBuildFile; fileRef = 83930693280305C00088F2C6 /* .swiftlint.yml */; };
		8393069B280322D50088F2C6 /* Pretendard-Bold.otf in Resources */ = {isa = PBXBuildFile; fileRef = 83930696280322D50088F2C6 /* Pretendard-Bold.otf */; };
		8393069C280322D50088F2C6 /* Pretendard-SemiBold.otf in Resources */ = {isa = PBXBuildFile; fileRef = 83930697280322D50088F2C6 /* Pretendard-SemiBold.otf */; };
		8393069D280322D50088F2C6 /* Pretendard-Light.otf in Resources */ = {isa = PBXBuildFile; fileRef = 83930698280322D50088F2C6 /* Pretendard-Light.otf */; };
		8393069E280322D50088F2C6 /* Pretendard-Regular.otf in Resources */ = {isa = PBXBuildFile; fileRef = 83930699280322D50088F2C6 /* Pretendard-Regular.otf */; };
		8393069F280322D50088F2C6 /* Pretendard-Medium.otf in Resources */ = {isa = PBXBuildFile; fileRef = 8393069A280322D50088F2C6 /* Pretendard-Medium.otf */; };
		839306A1280328D50088F2C6 /* UIViewController+Rx.swift in Sources */ = {isa = PBXBuildFile; fileRef = 839306A0280328D50088F2C6 /* UIViewController+Rx.swift */; };
		839306A3280328FA0088F2C6 /* UIFont+Extension.swift in Sources */ = {isa = PBXBuildFile; fileRef = 839306A2280328FA0088F2C6 /* UIFont+Extension.swift */; };
		839306A52803290A0088F2C6 /* UIColor+Extension.swift in Sources */ = {isa = PBXBuildFile; fileRef = 839306A42803290A0088F2C6 /* UIColor+Extension.swift */; };
		839306A728032D820088F2C6 /* UIView+Extension.swift in Sources */ = {isa = PBXBuildFile; fileRef = 839306A628032D820088F2C6 /* UIView+Extension.swift */; };
		839306A928032DEC0088F2C6 /* Date+Extension.swift in Sources */ = {isa = PBXBuildFile; fileRef = 839306A828032DEC0088F2C6 /* Date+Extension.swift */; };
		8397E5E228056F5D00EA2EAF /* AppDate.swift in Sources */ = {isa = PBXBuildFile; fileRef = 8397E5E128056F5D00EA2EAF /* AppDate.swift */; };
		8397E5E428059F5200EA2EAF /* DiaryListCollectionViewCell.swift in Sources */ = {isa = PBXBuildFile; fileRef = 8397E5E328059F5200EA2EAF /* DiaryListCollectionViewCell.swift */; };
		8397E5E62805C7A700EA2EAF /* ImageLiteral.swift in Sources */ = {isa = PBXBuildFile; fileRef = 8397E5E52805C7A700EA2EAF /* ImageLiteral.swift */; };
		839D71D228052DA4005D7C48 /* DrawerCollectionReusableView.swift in Sources */ = {isa = PBXBuildFile; fileRef = 839D71D128052DA4005D7C48 /* DrawerCollectionReusableView.swift */; };
		83B2A7FA2804A29C00208FD8 /* HomeTopView.swift in Sources */ = {isa = PBXBuildFile; fileRef = 83B2A7F92804A29C00208FD8 /* HomeTopView.swift */; };
		83DF9C20280463330042696B /* BaseCollectionViewCell.swift in Sources */ = {isa = PBXBuildFile; fileRef = 83DF9C1F280463330042696B /* BaseCollectionViewCell.swift */; };
		83DF9C2528046B4F0042696B /* DiaryListViewController.swift in Sources */ = {isa = PBXBuildFile; fileRef = 83DF9C2428046B4F0042696B /* DiaryListViewController.swift */; };
		83DF9C27280473FB0042696B /* HomeViewController.swift in Sources */ = {isa = PBXBuildFile; fileRef = 83DF9C26280473FB0042696B /* HomeViewController.swift */; };
		83E329A128085922000A5786 /* CALayer+Extensions.swift in Sources */ = {isa = PBXBuildFile; fileRef = 83E329A028085922000A5786 /* CALayer+Extensions.swift */; };
		83E329A328085F92000A5786 /* DiaryListViewModel.swift in Sources */ = {isa = PBXBuildFile; fileRef = 83E329A228085F92000A5786 /* DiaryListViewModel.swift */; };
		F46DBFE6020E2B5415E94C2D /* Pods_HaluEumpyo_HaluEumpyoUITests.framework in Frameworks */ = {isa = PBXBuildFile; fileRef = 19F4F7F567663403373AF221 /* Pods_HaluEumpyo_HaluEumpyoUITests.framework */; };
/* End PBXBuildFile section */

/* Begin PBXContainerItemProxy section */
		8368D75B2801CF2200350621 /* PBXContainerItemProxy */ = {
			isa = PBXContainerItemProxy;
			containerPortal = 8368D73C2801CF1F00350621 /* Project object */;
			proxyType = 1;
			remoteGlobalIDString = 8368D7432801CF1F00350621;
			remoteInfo = HaluEumpyo;
		};
		8368D7652801CF2200350621 /* PBXContainerItemProxy */ = {
			isa = PBXContainerItemProxy;
			containerPortal = 8368D73C2801CF1F00350621 /* Project object */;
			proxyType = 1;
			remoteGlobalIDString = 8368D7432801CF1F00350621;
			remoteInfo = HaluEumpyo;
		};
/* End PBXContainerItemProxy section */

/* Begin PBXFileReference section */
		15024EF1603E9D93FAFBB195 /* Pods-HaluEumpyoTests.release.xcconfig */ = {isa = PBXFileReference; includeInIndex = 1; lastKnownFileType = text.xcconfig; name = "Pods-HaluEumpyoTests.release.xcconfig"; path = "Target Support Files/Pods-HaluEumpyoTests/Pods-HaluEumpyoTests.release.xcconfig"; sourceTree = "<group>"; };
		19F4F7F567663403373AF221 /* Pods_HaluEumpyo_HaluEumpyoUITests.framework */ = {isa = PBXFileReference; explicitFileType = wrapper.framework; includeInIndex = 0; path = Pods_HaluEumpyo_HaluEumpyoUITests.framework; sourceTree = BUILT_PRODUCTS_DIR; };
		252E4EBB32ED4862ADB62328 /* Pods_HaluEumpyo.framework */ = {isa = PBXFileReference; explicitFileType = wrapper.framework; includeInIndex = 0; path = Pods_HaluEumpyo.framework; sourceTree = BUILT_PRODUCTS_DIR; };
		4829F18D7CEB857A3F1163E1 /* Pods-HaluEumpyo.debug.xcconfig */ = {isa = PBXFileReference; includeInIndex = 1; lastKnownFileType = text.xcconfig; name = "Pods-HaluEumpyo.debug.xcconfig"; path = "Target Support Files/Pods-HaluEumpyo/Pods-HaluEumpyo.debug.xcconfig"; sourceTree = "<group>"; };
		7E5A9C6298A7E8179530CA43 /* Pods_HaluEumpyoTests.framework */ = {isa = PBXFileReference; explicitFileType = wrapper.framework; includeInIndex = 0; path = Pods_HaluEumpyoTests.framework; sourceTree = BUILT_PRODUCTS_DIR; };
		831FAFCD28070AA600040412 /* UICollectionView+Extension.swift */ = {isa = PBXFileReference; lastKnownFileType = sourcecode.swift; path = "UICollectionView+Extension.swift"; sourceTree = "<group>"; };
		831FAFD028070D2D00040412 /* Content.swift */ = {isa = PBXFileReference; lastKnownFileType = sourcecode.swift; path = Content.swift; sourceTree = "<group>"; };
		831FAFD228073DEB00040412 /* DatePickerViewController.swift */ = {isa = PBXFileReference; lastKnownFileType = sourcecode.swift; path = DatePickerViewController.swift; sourceTree = "<group>"; };
		831FAFD428074F3400040412 /* ModalPresentationController.swift */ = {isa = PBXFileReference; lastKnownFileType = sourcecode.swift; path = ModalPresentationController.swift; sourceTree = "<group>"; };
		8368D7442801CF1F00350621 /* HaluEumpyo.app */ = {isa = PBXFileReference; explicitFileType = wrapper.application; includeInIndex = 0; path = HaluEumpyo.app; sourceTree = BUILT_PRODUCTS_DIR; };
		8368D7472801CF1F00350621 /* AppDelegate.swift */ = {isa = PBXFileReference; lastKnownFileType = sourcecode.swift; path = AppDelegate.swift; sourceTree = "<group>"; };
		8368D7492801CF1F00350621 /* SceneDelegate.swift */ = {isa = PBXFileReference; lastKnownFileType = sourcecode.swift; path = SceneDelegate.swift; sourceTree = "<group>"; };
		8368D74B2801CF1F00350621 /* ViewController.swift */ = {isa = PBXFileReference; lastKnownFileType = sourcecode.swift; path = ViewController.swift; sourceTree = "<group>"; };
		8368D74E2801CF1F00350621 /* Base */ = {isa = PBXFileReference; lastKnownFileType = file.storyboard; name = Base; path = Base.lproj/Main.storyboard; sourceTree = "<group>"; };
		8368D7502801CF2100350621 /* Assets.xcassets */ = {isa = PBXFileReference; lastKnownFileType = folder.assetcatalog; path = Assets.xcassets; sourceTree = "<group>"; };
		8368D7532801CF2100350621 /* Base */ = {isa = PBXFileReference; lastKnownFileType = file.storyboard; name = Base; path = Base.lproj/LaunchScreen.storyboard; sourceTree = "<group>"; };
		8368D7552801CF2100350621 /* Info.plist */ = {isa = PBXFileReference; lastKnownFileType = text.plist.xml; path = Info.plist; sourceTree = "<group>"; };
		8368D75A2801CF2200350621 /* HaluEumpyoTests.xctest */ = {isa = PBXFileReference; explicitFileType = wrapper.cfbundle; includeInIndex = 0; path = HaluEumpyoTests.xctest; sourceTree = BUILT_PRODUCTS_DIR; };
		8368D75E2801CF2200350621 /* HaluEumpyoTests.swift */ = {isa = PBXFileReference; lastKnownFileType = sourcecode.swift; path = HaluEumpyoTests.swift; sourceTree = "<group>"; };
		8368D7642801CF2200350621 /* HaluEumpyoUITests.xctest */ = {isa = PBXFileReference; explicitFileType = wrapper.cfbundle; includeInIndex = 0; path = HaluEumpyoUITests.xctest; sourceTree = BUILT_PRODUCTS_DIR; };
		8368D7682801CF2200350621 /* HaluEumpyoUITests.swift */ = {isa = PBXFileReference; lastKnownFileType = sourcecode.swift; path = HaluEumpyoUITests.swift; sourceTree = "<group>"; };
		8368D76A2801CF2200350621 /* HaluEumpyoUITestsLaunchTests.swift */ = {isa = PBXFileReference; lastKnownFileType = sourcecode.swift; path = HaluEumpyoUITestsLaunchTests.swift; sourceTree = "<group>"; };
		839306902802DD400088F2C6 /* BaseViewController.swift */ = {isa = PBXFileReference; lastKnownFileType = sourcecode.swift; path = BaseViewController.swift; sourceTree = "<group>"; };
		83930693280305C00088F2C6 /* .swiftlint.yml */ = {isa = PBXFileReference; lastKnownFileType = text.yaml; path = .swiftlint.yml; sourceTree = "<group>"; };
		83930696280322D50088F2C6 /* Pretendard-Bold.otf */ = {isa = PBXFileReference; lastKnownFileType = file; path = "Pretendard-Bold.otf"; sourceTree = "<group>"; };
		83930697280322D50088F2C6 /* Pretendard-SemiBold.otf */ = {isa = PBXFileReference; lastKnownFileType = file; path = "Pretendard-SemiBold.otf"; sourceTree = "<group>"; };
		83930698280322D50088F2C6 /* Pretendard-Light.otf */ = {isa = PBXFileReference; lastKnownFileType = file; path = "Pretendard-Light.otf"; sourceTree = "<group>"; };
		83930699280322D50088F2C6 /* Pretendard-Regular.otf */ = {isa = PBXFileReference; lastKnownFileType = file; path = "Pretendard-Regular.otf"; sourceTree = "<group>"; };
		8393069A280322D50088F2C6 /* Pretendard-Medium.otf */ = {isa = PBXFileReference; lastKnownFileType = file; path = "Pretendard-Medium.otf"; sourceTree = "<group>"; };
		839306A0280328D50088F2C6 /* UIViewController+Rx.swift */ = {isa = PBXFileReference; lastKnownFileType = sourcecode.swift; path = "UIViewController+Rx.swift"; sourceTree = "<group>"; };
		839306A2280328FA0088F2C6 /* UIFont+Extension.swift */ = {isa = PBXFileReference; lastKnownFileType = sourcecode.swift; path = "UIFont+Extension.swift"; sourceTree = "<group>"; };
		839306A42803290A0088F2C6 /* UIColor+Extension.swift */ = {isa = PBXFileReference; lastKnownFileType = sourcecode.swift; path = "UIColor+Extension.swift"; sourceTree = "<group>"; };
		839306A628032D820088F2C6 /* UIView+Extension.swift */ = {isa = PBXFileReference; lastKnownFileType = sourcecode.swift; path = "UIView+Extension.swift"; sourceTree = "<group>"; };
		839306A828032DEC0088F2C6 /* Date+Extension.swift */ = {isa = PBXFileReference; lastKnownFileType = sourcecode.swift; path = "Date+Extension.swift"; sourceTree = "<group>"; };
		8397E5E128056F5D00EA2EAF /* AppDate.swift */ = {isa = PBXFileReference; lastKnownFileType = sourcecode.swift; path = AppDate.swift; sourceTree = "<group>"; };
		8397E5E328059F5200EA2EAF /* DiaryListCollectionViewCell.swift */ = {isa = PBXFileReference; lastKnownFileType = sourcecode.swift; path = DiaryListCollectionViewCell.swift; sourceTree = "<group>"; };
		8397E5E52805C7A700EA2EAF /* ImageLiteral.swift */ = {isa = PBXFileReference; lastKnownFileType = sourcecode.swift; path = ImageLiteral.swift; sourceTree = "<group>"; };
		839D71D128052DA4005D7C48 /* DrawerCollectionReusableView.swift */ = {isa = PBXFileReference; lastKnownFileType = sourcecode.swift; path = DrawerCollectionReusableView.swift; sourceTree = "<group>"; };
		83B2A7F92804A29C00208FD8 /* HomeTopView.swift */ = {isa = PBXFileReference; lastKnownFileType = sourcecode.swift; path = HomeTopView.swift; sourceTree = "<group>"; };
		83DF9C1F280463330042696B /* BaseCollectionViewCell.swift */ = {isa = PBXFileReference; lastKnownFileType = sourcecode.swift; path = BaseCollectionViewCell.swift; sourceTree = "<group>"; };
		83DF9C2428046B4F0042696B /* DiaryListViewController.swift */ = {isa = PBXFileReference; lastKnownFileType = sourcecode.swift; path = DiaryListViewController.swift; sourceTree = "<group>"; };
		83DF9C26280473FB0042696B /* HomeViewController.swift */ = {isa = PBXFileReference; lastKnownFileType = sourcecode.swift; path = HomeViewController.swift; sourceTree = "<group>"; };
		83E329A028085922000A5786 /* CALayer+Extensions.swift */ = {isa = PBXFileReference; lastKnownFileType = sourcecode.swift; path = "CALayer+Extensions.swift"; sourceTree = "<group>"; };
		83E329A228085F92000A5786 /* DiaryListViewModel.swift */ = {isa = PBXFileReference; lastKnownFileType = sourcecode.swift; path = DiaryListViewModel.swift; sourceTree = "<group>"; };
		B4F4CB4C83240BD4873864DA /* Pods-HaluEumpyoTests.debug.xcconfig */ = {isa = PBXFileReference; includeInIndex = 1; lastKnownFileType = text.xcconfig; name = "Pods-HaluEumpyoTests.debug.xcconfig"; path = "Target Support Files/Pods-HaluEumpyoTests/Pods-HaluEumpyoTests.debug.xcconfig"; sourceTree = "<group>"; };
		B9DCAD6091EE5451F173EEFA /* Pods-HaluEumpyo-HaluEumpyoUITests.release.xcconfig */ = {isa = PBXFileReference; includeInIndex = 1; lastKnownFileType = text.xcconfig; name = "Pods-HaluEumpyo-HaluEumpyoUITests.release.xcconfig"; path = "Target Support Files/Pods-HaluEumpyo-HaluEumpyoUITests/Pods-HaluEumpyo-HaluEumpyoUITests.release.xcconfig"; sourceTree = "<group>"; };
		BF1E4D5114F49750F5C1BEC9 /* Pods-HaluEumpyo-HaluEumpyoUITests.debug.xcconfig */ = {isa = PBXFileReference; includeInIndex = 1; lastKnownFileType = text.xcconfig; name = "Pods-HaluEumpyo-HaluEumpyoUITests.debug.xcconfig"; path = "Target Support Files/Pods-HaluEumpyo-HaluEumpyoUITests/Pods-HaluEumpyo-HaluEumpyoUITests.debug.xcconfig"; sourceTree = "<group>"; };
		EEED2017255FD1E32969CA6B /* Pods-HaluEumpyo.release.xcconfig */ = {isa = PBXFileReference; includeInIndex = 1; lastKnownFileType = text.xcconfig; name = "Pods-HaluEumpyo.release.xcconfig"; path = "Target Support Files/Pods-HaluEumpyo/Pods-HaluEumpyo.release.xcconfig"; sourceTree = "<group>"; };
/* End PBXFileReference section */

/* Begin PBXFrameworksBuildPhase section */
		8368D7412801CF1F00350621 /* Frameworks */ = {
			isa = PBXFrameworksBuildPhase;
			buildActionMask = 2147483647;
			files = (
				12E5CD6E003F5782BE772AAF /* Pods_HaluEumpyo.framework in Frameworks */,
			);
			runOnlyForDeploymentPostprocessing = 0;
		};
		8368D7572801CF2200350621 /* Frameworks */ = {
			isa = PBXFrameworksBuildPhase;
			buildActionMask = 2147483647;
			files = (
				01A8996A4E2401E81C3C8980 /* Pods_HaluEumpyoTests.framework in Frameworks */,
			);
			runOnlyForDeploymentPostprocessing = 0;
		};
		8368D7612801CF2200350621 /* Frameworks */ = {
			isa = PBXFrameworksBuildPhase;
			buildActionMask = 2147483647;
			files = (
				F46DBFE6020E2B5415E94C2D /* Pods_HaluEumpyo_HaluEumpyoUITests.framework in Frameworks */,
			);
			runOnlyForDeploymentPostprocessing = 0;
		};
/* End PBXFrameworksBuildPhase section */

/* Begin PBXGroup section */
		477F2BF72EA32F85157F923A /* Pods */ = {
			isa = PBXGroup;
			children = (
				4829F18D7CEB857A3F1163E1 /* Pods-HaluEumpyo.debug.xcconfig */,
				EEED2017255FD1E32969CA6B /* Pods-HaluEumpyo.release.xcconfig */,
				BF1E4D5114F49750F5C1BEC9 /* Pods-HaluEumpyo-HaluEumpyoUITests.debug.xcconfig */,
				B9DCAD6091EE5451F173EEFA /* Pods-HaluEumpyo-HaluEumpyoUITests.release.xcconfig */,
				B4F4CB4C83240BD4873864DA /* Pods-HaluEumpyoTests.debug.xcconfig */,
				15024EF1603E9D93FAFBB195 /* Pods-HaluEumpyoTests.release.xcconfig */,
			);
			path = Pods;
			sourceTree = "<group>";
		};
		831FAFCF28070D2100040412 /* Model */ = {
			isa = PBXGroup;
			children = (
				831FAFD028070D2D00040412 /* Content.swift */,
			);
			path = Model;
			sourceTree = "<group>";
		};
		8368D73B2801CF1F00350621 = {
			isa = PBXGroup;
			children = (
				83930693280305C00088F2C6 /* .swiftlint.yml */,
				8368D7462801CF1F00350621 /* HaluEumpyo */,
				8368D75D2801CF2200350621 /* HaluEumpyoTests */,
				8368D7672801CF2200350621 /* HaluEumpyoUITests */,
				8368D7452801CF1F00350621 /* Products */,
				477F2BF72EA32F85157F923A /* Pods */,
				88F829B2D2010126099AAA3B /* Frameworks */,
			);
			sourceTree = "<group>";
		};
		8368D7452801CF1F00350621 /* Products */ = {
			isa = PBXGroup;
			children = (
				8368D7442801CF1F00350621 /* HaluEumpyo.app */,
				8368D75A2801CF2200350621 /* HaluEumpyoTests.xctest */,
				8368D7642801CF2200350621 /* HaluEumpyoUITests.xctest */,
			);
			name = Products;
			sourceTree = "<group>";
		};
		8368D7462801CF1F00350621 /* HaluEumpyo */ = {
			isa = PBXGroup;
			children = (
				8368D77F2801D75E00350621 /* Common */,
				8368D7772801D03500350621 /* App */,
				8368D7782801D3B700350621 /* Data */,
				8368D7792801D3CC00350621 /* Domain */,
				8368D77E2801D49E00350621 /* Extensions */,
				8368D77A2801D3E300350621 /* Network */,
				8368D77B2801D40800350621 /* Presentation */,
				8368D77C2801D41300350621 /* Resources */,
				8368D77D2801D42500350621 /* Util */,
				8368D74B2801CF1F00350621 /* ViewController.swift */,
				8368D74D2801CF1F00350621 /* Main.storyboard */,
				8368D7502801CF2100350621 /* Assets.xcassets */,
				8368D7522801CF2100350621 /* LaunchScreen.storyboard */,
				8368D7552801CF2100350621 /* Info.plist */,
			);
			path = HaluEumpyo;
			sourceTree = "<group>";
		};
		8368D75D2801CF2200350621 /* HaluEumpyoTests */ = {
			isa = PBXGroup;
			children = (
				8368D75E2801CF2200350621 /* HaluEumpyoTests.swift */,
			);
			path = HaluEumpyoTests;
			sourceTree = "<group>";
		};
		8368D7672801CF2200350621 /* HaluEumpyoUITests */ = {
			isa = PBXGroup;
			children = (
				8368D7682801CF2200350621 /* HaluEumpyoUITests.swift */,
				8368D76A2801CF2200350621 /* HaluEumpyoUITestsLaunchTests.swift */,
			);
			path = HaluEumpyoUITests;
			sourceTree = "<group>";
		};
		8368D7772801D03500350621 /* App */ = {
			isa = PBXGroup;
			children = (
				8368D7472801CF1F00350621 /* AppDelegate.swift */,
				8368D7492801CF1F00350621 /* SceneDelegate.swift */,
			);
			path = App;
			sourceTree = "<group>";
		};
		8368D7782801D3B700350621 /* Data */ = {
			isa = PBXGroup;
			children = (
			);
			path = Data;
			sourceTree = "<group>";
		};
		8368D7792801D3CC00350621 /* Domain */ = {
			isa = PBXGroup;
			children = (
				831FAFCF28070D2100040412 /* Model */,
			);
			path = Domain;
			sourceTree = "<group>";
		};
		8368D77A2801D3E300350621 /* Network */ = {
			isa = PBXGroup;
			children = (
			);
			path = Network;
			sourceTree = "<group>";
		};
		8368D77B2801D40800350621 /* Presentation */ = {
			isa = PBXGroup;
			children = (
				8368D7832801D92800350621 /* DiaryList */,
				8368D7822801D8ED00350621 /* RecommendMusic */,
				8368D7812801D81200350621 /* Diary */,
				8368D7842801D94D00350621 /* Setting */,
				8368D7802801D80100350621 /* Home */,
			);
			path = Presentation;
			sourceTree = "<group>";
		};
		8368D77C2801D41300350621 /* Resources */ = {
			isa = PBXGroup;
			children = (
				8397E5E52805C7A700EA2EAF /* ImageLiteral.swift */,
			);
			path = Resources;
			sourceTree = "<group>";
		};
		8368D77D2801D42500350621 /* Util */ = {
			isa = PBXGroup;
			children = (
				83930695280322130088F2C6 /* Font */,
			);
			path = Util;
			sourceTree = "<group>";
		};
		8368D77E2801D49E00350621 /* Extensions */ = {
			isa = PBXGroup;
			children = (
				839306A0280328D50088F2C6 /* UIViewController+Rx.swift */,
				839306A2280328FA0088F2C6 /* UIFont+Extension.swift */,
				839306A42803290A0088F2C6 /* UIColor+Extension.swift */,
				839306A628032D820088F2C6 /* UIView+Extension.swift */,
				839306A828032DEC0088F2C6 /* Date+Extension.swift */,
				831FAFCD28070AA600040412 /* UICollectionView+Extension.swift */,
				831FAFD428074F3400040412 /* ModalPresentationController.swift */,
				83E329A028085922000A5786 /* CALayer+Extensions.swift */,
			);
			path = Extensions;
			sourceTree = "<group>";
		};
		8368D77F2801D75E00350621 /* Common */ = {
			isa = PBXGroup;
			children = (
				839306902802DD400088F2C6 /* BaseViewController.swift */,
				83DF9C1F280463330042696B /* BaseCollectionViewCell.swift */,
				8397E5E128056F5D00EA2EAF /* AppDate.swift */,
			);
			path = Common;
			sourceTree = "<group>";
		};
		8368D7802801D80100350621 /* Home */ = {
			isa = PBXGroup;
			children = (
				83B2A7F72804A1F200208FD8 /* View */,
				83B2A7F82804A1F800208FD8 /* ViewModel */,
				83DF9C26280473FB0042696B /* HomeViewController.swift */,
			);
			path = Home;
			sourceTree = "<group>";
		};
		8368D7812801D81200350621 /* Diary */ = {
			isa = PBXGroup;
			children = (
			);
			path = Diary;
			sourceTree = "<group>";
		};
		8368D7822801D8ED00350621 /* RecommendMusic */ = {
			isa = PBXGroup;
			children = (
			);
			path = RecommendMusic;
			sourceTree = "<group>";
		};
		8368D7832801D92800350621 /* DiaryList */ = {
			isa = PBXGroup;
			children = (
				83DF9C22280463A20042696B /* View */,
				83DF9C21280463960042696B /* ViewModel */,
			);
			path = DiaryList;
			sourceTree = "<group>";
		};
		8368D7842801D94D00350621 /* Setting */ = {
			isa = PBXGroup;
			children = (
			);
			path = Setting;
			sourceTree = "<group>";
		};
		83930695280322130088F2C6 /* Font */ = {
			isa = PBXGroup;
			children = (
				83930696280322D50088F2C6 /* Pretendard-Bold.otf */,
				83930698280322D50088F2C6 /* Pretendard-Light.otf */,
				8393069A280322D50088F2C6 /* Pretendard-Medium.otf */,
				83930699280322D50088F2C6 /* Pretendard-Regular.otf */,
				83930697280322D50088F2C6 /* Pretendard-SemiBold.otf */,
			);
			path = Font;
			sourceTree = "<group>";
		};
		83B2A7F72804A1F200208FD8 /* View */ = {
			isa = PBXGroup;
			children = (
				83B2A7F92804A29C00208FD8 /* HomeTopView.swift */,
			);
			path = View;
			sourceTree = "<group>";
		};
		83B2A7F82804A1F800208FD8 /* ViewModel */ = {
			isa = PBXGroup;
			children = (
			);
			path = ViewModel;
			sourceTree = "<group>";
		};
		83DF9C21280463960042696B /* ViewModel */ = {
			isa = PBXGroup;
			children = (
				83E329A228085F92000A5786 /* DiaryListViewModel.swift */,
			);
			path = ViewModel;
			sourceTree = "<group>";
		};
		83DF9C22280463A20042696B /* View */ = {
			isa = PBXGroup;
			children = (
				83DF9C23280463A80042696B /* Cell */,
				83DF9C2428046B4F0042696B /* DiaryListViewController.swift */,
				831FAFD228073DEB00040412 /* DatePickerViewController.swift */,
			);
			path = View;
			sourceTree = "<group>";
		};
		83DF9C23280463A80042696B /* Cell */ = {
			isa = PBXGroup;
			children = (
				839D71D128052DA4005D7C48 /* DrawerCollectionReusableView.swift */,
				8397E5E328059F5200EA2EAF /* DiaryListCollectionViewCell.swift */,
			);
			path = Cell;
			sourceTree = "<group>";
		};
		88F829B2D2010126099AAA3B /* Frameworks */ = {
			isa = PBXGroup;
			children = (
				252E4EBB32ED4862ADB62328 /* Pods_HaluEumpyo.framework */,
				19F4F7F567663403373AF221 /* Pods_HaluEumpyo_HaluEumpyoUITests.framework */,
				7E5A9C6298A7E8179530CA43 /* Pods_HaluEumpyoTests.framework */,
			);
			name = Frameworks;
			sourceTree = "<group>";
		};
/* End PBXGroup section */

/* Begin PBXNativeTarget section */
		8368D7432801CF1F00350621 /* HaluEumpyo */ = {
			isa = PBXNativeTarget;
			buildConfigurationList = 8368D76E2801CF2200350621 /* Build configuration list for PBXNativeTarget "HaluEumpyo" */;
			buildPhases = (
				6FC96AFCA960B201AC204E71 /* [CP] Check Pods Manifest.lock */,
				8368D7402801CF1F00350621 /* Sources */,
				8368D7412801CF1F00350621 /* Frameworks */,
				8368D7422801CF1F00350621 /* Resources */,
				756EB0E19D56AE938D88117C /* [CP] Embed Pods Frameworks */,
				83930692280304A60088F2C6 /* ShellScript */,
			);
			buildRules = (
			);
			dependencies = (
			);
			name = HaluEumpyo;
			productName = HaluEumpyo;
			productReference = 8368D7442801CF1F00350621 /* HaluEumpyo.app */;
			productType = "com.apple.product-type.application";
		};
		8368D7592801CF2200350621 /* HaluEumpyoTests */ = {
			isa = PBXNativeTarget;
			buildConfigurationList = 8368D7712801CF2200350621 /* Build configuration list for PBXNativeTarget "HaluEumpyoTests" */;
			buildPhases = (
				950193F6B7025582031613B9 /* [CP] Check Pods Manifest.lock */,
				8368D7562801CF2200350621 /* Sources */,
				8368D7572801CF2200350621 /* Frameworks */,
				8368D7582801CF2200350621 /* Resources */,
			);
			buildRules = (
			);
			dependencies = (
				8368D75C2801CF2200350621 /* PBXTargetDependency */,
			);
			name = HaluEumpyoTests;
			productName = HaluEumpyoTests;
			productReference = 8368D75A2801CF2200350621 /* HaluEumpyoTests.xctest */;
			productType = "com.apple.product-type.bundle.unit-test";
		};
		8368D7632801CF2200350621 /* HaluEumpyoUITests */ = {
			isa = PBXNativeTarget;
			buildConfigurationList = 8368D7742801CF2200350621 /* Build configuration list for PBXNativeTarget "HaluEumpyoUITests" */;
			buildPhases = (
				4F56BD61A9DF65057E7D1AEE /* [CP] Check Pods Manifest.lock */,
				8368D7602801CF2200350621 /* Sources */,
				8368D7612801CF2200350621 /* Frameworks */,
				8368D7622801CF2200350621 /* Resources */,
				2F0B50E398EC9F5494191D4F /* [CP] Embed Pods Frameworks */,
			);
			buildRules = (
			);
			dependencies = (
				8368D7662801CF2200350621 /* PBXTargetDependency */,
			);
			name = HaluEumpyoUITests;
			productName = HaluEumpyoUITests;
			productReference = 8368D7642801CF2200350621 /* HaluEumpyoUITests.xctest */;
			productType = "com.apple.product-type.bundle.ui-testing";
		};
/* End PBXNativeTarget section */

/* Begin PBXProject section */
		8368D73C2801CF1F00350621 /* Project object */ = {
			isa = PBXProject;
			attributes = {
				BuildIndependentTargetsInParallel = 1;
				LastSwiftUpdateCheck = 1320;
				LastUpgradeCheck = 1320;
				TargetAttributes = {
					8368D7432801CF1F00350621 = {
						CreatedOnToolsVersion = 13.2.1;
					};
					8368D7592801CF2200350621 = {
						CreatedOnToolsVersion = 13.2.1;
						TestTargetID = 8368D7432801CF1F00350621;
					};
					8368D7632801CF2200350621 = {
						CreatedOnToolsVersion = 13.2.1;
						TestTargetID = 8368D7432801CF1F00350621;
					};
				};
			};
			buildConfigurationList = 8368D73F2801CF1F00350621 /* Build configuration list for PBXProject "HaluEumpyo" */;
			compatibilityVersion = "Xcode 13.0";
			developmentRegion = en;
			hasScannedForEncodings = 0;
			knownRegions = (
				en,
				Base,
			);
			mainGroup = 8368D73B2801CF1F00350621;
			productRefGroup = 8368D7452801CF1F00350621 /* Products */;
			projectDirPath = "";
			projectRoot = "";
			targets = (
				8368D7432801CF1F00350621 /* HaluEumpyo */,
				8368D7592801CF2200350621 /* HaluEumpyoTests */,
				8368D7632801CF2200350621 /* HaluEumpyoUITests */,
			);
		};
/* End PBXProject section */

/* Begin PBXResourcesBuildPhase section */
		8368D7422801CF1F00350621 /* Resources */ = {
			isa = PBXResourcesBuildPhase;
			buildActionMask = 2147483647;
			files = (
				83930694280305C00088F2C6 /* .swiftlint.yml in Resources */,
				8393069B280322D50088F2C6 /* Pretendard-Bold.otf in Resources */,
				8368D7542801CF2100350621 /* LaunchScreen.storyboard in Resources */,
				8393069C280322D50088F2C6 /* Pretendard-SemiBold.otf in Resources */,
				8393069D280322D50088F2C6 /* Pretendard-Light.otf in Resources */,
				8393069E280322D50088F2C6 /* Pretendard-Regular.otf in Resources */,
				8368D7512801CF2100350621 /* Assets.xcassets in Resources */,
				8368D74F2801CF1F00350621 /* Main.storyboard in Resources */,
				8393069F280322D50088F2C6 /* Pretendard-Medium.otf in Resources */,
			);
			runOnlyForDeploymentPostprocessing = 0;
		};
		8368D7582801CF2200350621 /* Resources */ = {
			isa = PBXResourcesBuildPhase;
			buildActionMask = 2147483647;
			files = (
			);
			runOnlyForDeploymentPostprocessing = 0;
		};
		8368D7622801CF2200350621 /* Resources */ = {
			isa = PBXResourcesBuildPhase;
			buildActionMask = 2147483647;
			files = (
			);
			runOnlyForDeploymentPostprocessing = 0;
		};
/* End PBXResourcesBuildPhase section */

/* Begin PBXShellScriptBuildPhase section */
		2F0B50E398EC9F5494191D4F /* [CP] Embed Pods Frameworks */ = {
			isa = PBXShellScriptBuildPhase;
			buildActionMask = 2147483647;
			files = (
			);
			inputFileListPaths = (
				"${PODS_ROOT}/Target Support Files/Pods-HaluEumpyo-HaluEumpyoUITests/Pods-HaluEumpyo-HaluEumpyoUITests-frameworks-${CONFIGURATION}-input-files.xcfilelist",
			);
			name = "[CP] Embed Pods Frameworks";
			outputFileListPaths = (
				"${PODS_ROOT}/Target Support Files/Pods-HaluEumpyo-HaluEumpyoUITests/Pods-HaluEumpyo-HaluEumpyoUITests-frameworks-${CONFIGURATION}-output-files.xcfilelist",
			);
			runOnlyForDeploymentPostprocessing = 0;
			shellPath = /bin/sh;
			shellScript = "\"${PODS_ROOT}/Target Support Files/Pods-HaluEumpyo-HaluEumpyoUITests/Pods-HaluEumpyo-HaluEumpyoUITests-frameworks.sh\"\n";
			showEnvVarsInLog = 0;
		};
		4F56BD61A9DF65057E7D1AEE /* [CP] Check Pods Manifest.lock */ = {
			isa = PBXShellScriptBuildPhase;
			buildActionMask = 2147483647;
			files = (
			);
			inputFileListPaths = (
			);
			inputPaths = (
				"${PODS_PODFILE_DIR_PATH}/Podfile.lock",
				"${PODS_ROOT}/Manifest.lock",
			);
			name = "[CP] Check Pods Manifest.lock";
			outputFileListPaths = (
			);
			outputPaths = (
				"$(DERIVED_FILE_DIR)/Pods-HaluEumpyo-HaluEumpyoUITests-checkManifestLockResult.txt",
			);
			runOnlyForDeploymentPostprocessing = 0;
			shellPath = /bin/sh;
			shellScript = "diff \"${PODS_PODFILE_DIR_PATH}/Podfile.lock\" \"${PODS_ROOT}/Manifest.lock\" > /dev/null\nif [ $? != 0 ] ; then\n    # print error to STDERR\n    echo \"error: The sandbox is not in sync with the Podfile.lock. Run 'pod install' or update your CocoaPods installation.\" >&2\n    exit 1\nfi\n# This output is used by Xcode 'outputs' to avoid re-running this script phase.\necho \"SUCCESS\" > \"${SCRIPT_OUTPUT_FILE_0}\"\n";
			showEnvVarsInLog = 0;
		};
		6FC96AFCA960B201AC204E71 /* [CP] Check Pods Manifest.lock */ = {
			isa = PBXShellScriptBuildPhase;
			buildActionMask = 2147483647;
			files = (
			);
			inputFileListPaths = (
			);
			inputPaths = (
				"${PODS_PODFILE_DIR_PATH}/Podfile.lock",
				"${PODS_ROOT}/Manifest.lock",
			);
			name = "[CP] Check Pods Manifest.lock";
			outputFileListPaths = (
			);
			outputPaths = (
				"$(DERIVED_FILE_DIR)/Pods-HaluEumpyo-checkManifestLockResult.txt",
			);
			runOnlyForDeploymentPostprocessing = 0;
			shellPath = /bin/sh;
			shellScript = "diff \"${PODS_PODFILE_DIR_PATH}/Podfile.lock\" \"${PODS_ROOT}/Manifest.lock\" > /dev/null\nif [ $? != 0 ] ; then\n    # print error to STDERR\n    echo \"error: The sandbox is not in sync with the Podfile.lock. Run 'pod install' or update your CocoaPods installation.\" >&2\n    exit 1\nfi\n# This output is used by Xcode 'outputs' to avoid re-running this script phase.\necho \"SUCCESS\" > \"${SCRIPT_OUTPUT_FILE_0}\"\n";
			showEnvVarsInLog = 0;
		};
		756EB0E19D56AE938D88117C /* [CP] Embed Pods Frameworks */ = {
			isa = PBXShellScriptBuildPhase;
			buildActionMask = 2147483647;
			files = (
			);
			inputFileListPaths = (
				"${PODS_ROOT}/Target Support Files/Pods-HaluEumpyo/Pods-HaluEumpyo-frameworks-${CONFIGURATION}-input-files.xcfilelist",
			);
			name = "[CP] Embed Pods Frameworks";
			outputFileListPaths = (
				"${PODS_ROOT}/Target Support Files/Pods-HaluEumpyo/Pods-HaluEumpyo-frameworks-${CONFIGURATION}-output-files.xcfilelist",
			);
			runOnlyForDeploymentPostprocessing = 0;
			shellPath = /bin/sh;
			shellScript = "\"${PODS_ROOT}/Target Support Files/Pods-HaluEumpyo/Pods-HaluEumpyo-frameworks.sh\"\n";
			showEnvVarsInLog = 0;
		};
		83930692280304A60088F2C6 /* ShellScript */ = {
			isa = PBXShellScriptBuildPhase;
			buildActionMask = 2147483647;
			files = (
			);
			inputFileListPaths = (
			);
			inputPaths = (
			);
			outputFileListPaths = (
			);
			outputPaths = (
			);
			runOnlyForDeploymentPostprocessing = 0;
			shellPath = /bin/sh;
			shellScript = "${PODS_ROOT}/SwiftLint/swiftlint\n";
		};
		950193F6B7025582031613B9 /* [CP] Check Pods Manifest.lock */ = {
			isa = PBXShellScriptBuildPhase;
			buildActionMask = 2147483647;
			files = (
			);
			inputFileListPaths = (
			);
			inputPaths = (
				"${PODS_PODFILE_DIR_PATH}/Podfile.lock",
				"${PODS_ROOT}/Manifest.lock",
			);
			name = "[CP] Check Pods Manifest.lock";
			outputFileListPaths = (
			);
			outputPaths = (
				"$(DERIVED_FILE_DIR)/Pods-HaluEumpyoTests-checkManifestLockResult.txt",
			);
			runOnlyForDeploymentPostprocessing = 0;
			shellPath = /bin/sh;
			shellScript = "diff \"${PODS_PODFILE_DIR_PATH}/Podfile.lock\" \"${PODS_ROOT}/Manifest.lock\" > /dev/null\nif [ $? != 0 ] ; then\n    # print error to STDERR\n    echo \"error: The sandbox is not in sync with the Podfile.lock. Run 'pod install' or update your CocoaPods installation.\" >&2\n    exit 1\nfi\n# This output is used by Xcode 'outputs' to avoid re-running this script phase.\necho \"SUCCESS\" > \"${SCRIPT_OUTPUT_FILE_0}\"\n";
			showEnvVarsInLog = 0;
		};
/* End PBXShellScriptBuildPhase section */

/* Begin PBXSourcesBuildPhase section */
		8368D7402801CF1F00350621 /* Sources */ = {
			isa = PBXSourcesBuildPhase;
			buildActionMask = 2147483647;
			files = (
				831FAFCE28070AA600040412 /* UICollectionView+Extension.swift in Sources */,
				839306A52803290A0088F2C6 /* UIColor+Extension.swift in Sources */,
				8397E5E62805C7A700EA2EAF /* ImageLiteral.swift in Sources */,
				839306A3280328FA0088F2C6 /* UIFont+Extension.swift in Sources */,
				839306A728032D820088F2C6 /* UIView+Extension.swift in Sources */,
				8368D74C2801CF1F00350621 /* ViewController.swift in Sources */,
				83DF9C2528046B4F0042696B /* DiaryListViewController.swift in Sources */,
				83E329A128085922000A5786 /* CALayer+Extensions.swift in Sources */,
				839306912802DD400088F2C6 /* BaseViewController.swift in Sources */,
				83DF9C20280463330042696B /* BaseCollectionViewCell.swift in Sources */,
				8368D7482801CF1F00350621 /* AppDelegate.swift in Sources */,
				8397E5E428059F5200EA2EAF /* DiaryListCollectionViewCell.swift in Sources */,
				83B2A7FA2804A29C00208FD8 /* HomeTopView.swift in Sources */,
				839306A1280328D50088F2C6 /* UIViewController+Rx.swift in Sources */,
				83E329A328085F92000A5786 /* DiaryListViewModel.swift in Sources */,
				831FAFD528074F3400040412 /* ModalPresentationController.swift in Sources */,
				839D71D228052DA4005D7C48 /* DrawerCollectionReusableView.swift in Sources */,
				831FAFD128070D2D00040412 /* Content.swift in Sources */,
				8368D74A2801CF1F00350621 /* SceneDelegate.swift in Sources */,
				831FAFD328073DEC00040412 /* DatePickerViewController.swift in Sources */,
				839306A928032DEC0088F2C6 /* Date+Extension.swift in Sources */,
				83DF9C27280473FB0042696B /* HomeViewController.swift in Sources */,
				8397E5E228056F5D00EA2EAF /* AppDate.swift in Sources */,
			);
			runOnlyForDeploymentPostprocessing = 0;
		};
		8368D7562801CF2200350621 /* Sources */ = {
			isa = PBXSourcesBuildPhase;
			buildActionMask = 2147483647;
			files = (
				8368D75F2801CF2200350621 /* HaluEumpyoTests.swift in Sources */,
			);
			runOnlyForDeploymentPostprocessing = 0;
		};
		8368D7602801CF2200350621 /* Sources */ = {
			isa = PBXSourcesBuildPhase;
			buildActionMask = 2147483647;
			files = (
				8368D7692801CF2200350621 /* HaluEumpyoUITests.swift in Sources */,
				8368D76B2801CF2200350621 /* HaluEumpyoUITestsLaunchTests.swift in Sources */,
			);
			runOnlyForDeploymentPostprocessing = 0;
		};
/* End PBXSourcesBuildPhase section */

/* Begin PBXTargetDependency section */
		8368D75C2801CF2200350621 /* PBXTargetDependency */ = {
			isa = PBXTargetDependency;
			target = 8368D7432801CF1F00350621 /* HaluEumpyo */;
			targetProxy = 8368D75B2801CF2200350621 /* PBXContainerItemProxy */;
		};
		8368D7662801CF2200350621 /* PBXTargetDependency */ = {
			isa = PBXTargetDependency;
			target = 8368D7432801CF1F00350621 /* HaluEumpyo */;
			targetProxy = 8368D7652801CF2200350621 /* PBXContainerItemProxy */;
		};
/* End PBXTargetDependency section */

/* Begin PBXVariantGroup section */
		8368D74D2801CF1F00350621 /* Main.storyboard */ = {
			isa = PBXVariantGroup;
			children = (
				8368D74E2801CF1F00350621 /* Base */,
			);
			name = Main.storyboard;
			sourceTree = "<group>";
		};
		8368D7522801CF2100350621 /* LaunchScreen.storyboard */ = {
			isa = PBXVariantGroup;
			children = (
				8368D7532801CF2100350621 /* Base */,
			);
			name = LaunchScreen.storyboard;
			sourceTree = "<group>";
		};
/* End PBXVariantGroup section */

/* Begin XCBuildConfiguration section */
		8368D76C2801CF2200350621 /* Debug */ = {
			isa = XCBuildConfiguration;
			buildSettings = {
				ALWAYS_SEARCH_USER_PATHS = NO;
				CLANG_ANALYZER_NONNULL = YES;
				CLANG_ANALYZER_NUMBER_OBJECT_CONVERSION = YES_AGGRESSIVE;
				CLANG_CXX_LANGUAGE_STANDARD = "gnu++17";
				CLANG_CXX_LIBRARY = "libc++";
				CLANG_ENABLE_MODULES = YES;
				CLANG_ENABLE_OBJC_ARC = YES;
				CLANG_ENABLE_OBJC_WEAK = YES;
				CLANG_WARN_BLOCK_CAPTURE_AUTORELEASING = YES;
				CLANG_WARN_BOOL_CONVERSION = YES;
				CLANG_WARN_COMMA = YES;
				CLANG_WARN_CONSTANT_CONVERSION = YES;
				CLANG_WARN_DEPRECATED_OBJC_IMPLEMENTATIONS = YES;
				CLANG_WARN_DIRECT_OBJC_ISA_USAGE = YES_ERROR;
				CLANG_WARN_DOCUMENTATION_COMMENTS = YES;
				CLANG_WARN_EMPTY_BODY = YES;
				CLANG_WARN_ENUM_CONVERSION = YES;
				CLANG_WARN_INFINITE_RECURSION = YES;
				CLANG_WARN_INT_CONVERSION = YES;
				CLANG_WARN_NON_LITERAL_NULL_CONVERSION = YES;
				CLANG_WARN_OBJC_IMPLICIT_RETAIN_SELF = YES;
				CLANG_WARN_OBJC_LITERAL_CONVERSION = YES;
				CLANG_WARN_OBJC_ROOT_CLASS = YES_ERROR;
				CLANG_WARN_QUOTED_INCLUDE_IN_FRAMEWORK_HEADER = YES;
				CLANG_WARN_RANGE_LOOP_ANALYSIS = YES;
				CLANG_WARN_STRICT_PROTOTYPES = YES;
				CLANG_WARN_SUSPICIOUS_MOVE = YES;
				CLANG_WARN_UNGUARDED_AVAILABILITY = YES_AGGRESSIVE;
				CLANG_WARN_UNREACHABLE_CODE = YES;
				CLANG_WARN__DUPLICATE_METHOD_MATCH = YES;
				COPY_PHASE_STRIP = NO;
				DEBUG_INFORMATION_FORMAT = dwarf;
				ENABLE_STRICT_OBJC_MSGSEND = YES;
				ENABLE_TESTABILITY = YES;
				GCC_C_LANGUAGE_STANDARD = gnu11;
				GCC_DYNAMIC_NO_PIC = NO;
				GCC_NO_COMMON_BLOCKS = YES;
				GCC_OPTIMIZATION_LEVEL = 0;
				GCC_PREPROCESSOR_DEFINITIONS = (
					"DEBUG=1",
					"$(inherited)",
				);
				GCC_WARN_64_TO_32_BIT_CONVERSION = YES;
				GCC_WARN_ABOUT_RETURN_TYPE = YES_ERROR;
				GCC_WARN_UNDECLARED_SELECTOR = YES;
				GCC_WARN_UNINITIALIZED_AUTOS = YES_AGGRESSIVE;
				GCC_WARN_UNUSED_FUNCTION = YES;
				GCC_WARN_UNUSED_VARIABLE = YES;
				IPHONEOS_DEPLOYMENT_TARGET = 15.2;
				MTL_ENABLE_DEBUG_INFO = INCLUDE_SOURCE;
				MTL_FAST_MATH = YES;
				ONLY_ACTIVE_ARCH = YES;
				SDKROOT = iphoneos;
				SWIFT_ACTIVE_COMPILATION_CONDITIONS = DEBUG;
				SWIFT_OPTIMIZATION_LEVEL = "-Onone";
			};
			name = Debug;
		};
		8368D76D2801CF2200350621 /* Release */ = {
			isa = XCBuildConfiguration;
			buildSettings = {
				ALWAYS_SEARCH_USER_PATHS = NO;
				CLANG_ANALYZER_NONNULL = YES;
				CLANG_ANALYZER_NUMBER_OBJECT_CONVERSION = YES_AGGRESSIVE;
				CLANG_CXX_LANGUAGE_STANDARD = "gnu++17";
				CLANG_CXX_LIBRARY = "libc++";
				CLANG_ENABLE_MODULES = YES;
				CLANG_ENABLE_OBJC_ARC = YES;
				CLANG_ENABLE_OBJC_WEAK = YES;
				CLANG_WARN_BLOCK_CAPTURE_AUTORELEASING = YES;
				CLANG_WARN_BOOL_CONVERSION = YES;
				CLANG_WARN_COMMA = YES;
				CLANG_WARN_CONSTANT_CONVERSION = YES;
				CLANG_WARN_DEPRECATED_OBJC_IMPLEMENTATIONS = YES;
				CLANG_WARN_DIRECT_OBJC_ISA_USAGE = YES_ERROR;
				CLANG_WARN_DOCUMENTATION_COMMENTS = YES;
				CLANG_WARN_EMPTY_BODY = YES;
				CLANG_WARN_ENUM_CONVERSION = YES;
				CLANG_WARN_INFINITE_RECURSION = YES;
				CLANG_WARN_INT_CONVERSION = YES;
				CLANG_WARN_NON_LITERAL_NULL_CONVERSION = YES;
				CLANG_WARN_OBJC_IMPLICIT_RETAIN_SELF = YES;
				CLANG_WARN_OBJC_LITERAL_CONVERSION = YES;
				CLANG_WARN_OBJC_ROOT_CLASS = YES_ERROR;
				CLANG_WARN_QUOTED_INCLUDE_IN_FRAMEWORK_HEADER = YES;
				CLANG_WARN_RANGE_LOOP_ANALYSIS = YES;
				CLANG_WARN_STRICT_PROTOTYPES = YES;
				CLANG_WARN_SUSPICIOUS_MOVE = YES;
				CLANG_WARN_UNGUARDED_AVAILABILITY = YES_AGGRESSIVE;
				CLANG_WARN_UNREACHABLE_CODE = YES;
				CLANG_WARN__DUPLICATE_METHOD_MATCH = YES;
				COPY_PHASE_STRIP = NO;
				DEBUG_INFORMATION_FORMAT = "dwarf-with-dsym";
				ENABLE_NS_ASSERTIONS = NO;
				ENABLE_STRICT_OBJC_MSGSEND = YES;
				GCC_C_LANGUAGE_STANDARD = gnu11;
				GCC_NO_COMMON_BLOCKS = YES;
				GCC_WARN_64_TO_32_BIT_CONVERSION = YES;
				GCC_WARN_ABOUT_RETURN_TYPE = YES_ERROR;
				GCC_WARN_UNDECLARED_SELECTOR = YES;
				GCC_WARN_UNINITIALIZED_AUTOS = YES_AGGRESSIVE;
				GCC_WARN_UNUSED_FUNCTION = YES;
				GCC_WARN_UNUSED_VARIABLE = YES;
				IPHONEOS_DEPLOYMENT_TARGET = 15.2;
				MTL_ENABLE_DEBUG_INFO = NO;
				MTL_FAST_MATH = YES;
				SDKROOT = iphoneos;
				SWIFT_COMPILATION_MODE = wholemodule;
				SWIFT_OPTIMIZATION_LEVEL = "-O";
				VALIDATE_PRODUCT = YES;
			};
			name = Release;
		};
		8368D76F2801CF2200350621 /* Debug */ = {
			isa = XCBuildConfiguration;
			baseConfigurationReference = 4829F18D7CEB857A3F1163E1 /* Pods-HaluEumpyo.debug.xcconfig */;
			buildSettings = {
				ASSETCATALOG_COMPILER_APPICON_NAME = AppIcon;
				ASSETCATALOG_COMPILER_GLOBAL_ACCENT_COLOR_NAME = AccentColor;
				CODE_SIGN_STYLE = Automatic;
				CURRENT_PROJECT_VERSION = 1;
				DEVELOPMENT_TEAM = 67FA65927V;
				GENERATE_INFOPLIST_FILE = YES;
				INFOPLIST_FILE = HaluEumpyo/Info.plist;
				INFOPLIST_KEY_UIApplicationSupportsIndirectInputEvents = YES;
				INFOPLIST_KEY_UILaunchStoryboardName = LaunchScreen;
				INFOPLIST_KEY_UISupportedInterfaceOrientations_iPad = "UIInterfaceOrientationPortrait UIInterfaceOrientationPortraitUpsideDown UIInterfaceOrientationLandscapeLeft UIInterfaceOrientationLandscapeRight";
				INFOPLIST_KEY_UISupportedInterfaceOrientations_iPhone = "UIInterfaceOrientationPortrait UIInterfaceOrientationLandscapeLeft UIInterfaceOrientationLandscapeRight";
				IPHONEOS_DEPLOYMENT_TARGET = 13.0;
				LD_RUNPATH_SEARCH_PATHS = (
					"$(inherited)",
					"@executable_path/Frameworks",
				);
				MARKETING_VERSION = 1.0;
				PRODUCT_BUNDLE_IDENTIFIER = com.rinnnsob.HaluEumpyo;
				PRODUCT_NAME = "$(TARGET_NAME)";
				SWIFT_EMIT_LOC_STRINGS = YES;
				SWIFT_VERSION = 5.0;
				TARGETED_DEVICE_FAMILY = 1;
			};
			name = Debug;
		};
		8368D7702801CF2200350621 /* Release */ = {
			isa = XCBuildConfiguration;
			baseConfigurationReference = EEED2017255FD1E32969CA6B /* Pods-HaluEumpyo.release.xcconfig */;
			buildSettings = {
				ASSETCATALOG_COMPILER_APPICON_NAME = AppIcon;
				ASSETCATALOG_COMPILER_GLOBAL_ACCENT_COLOR_NAME = AccentColor;
				CODE_SIGN_STYLE = Automatic;
				CURRENT_PROJECT_VERSION = 1;
				DEVELOPMENT_TEAM = 67FA65927V;
				GENERATE_INFOPLIST_FILE = YES;
				INFOPLIST_FILE = HaluEumpyo/Info.plist;
				INFOPLIST_KEY_UIApplicationSupportsIndirectInputEvents = YES;
				INFOPLIST_KEY_UILaunchStoryboardName = LaunchScreen;
				INFOPLIST_KEY_UISupportedInterfaceOrientations_iPad = "UIInterfaceOrientationPortrait UIInterfaceOrientationPortraitUpsideDown UIInterfaceOrientationLandscapeLeft UIInterfaceOrientationLandscapeRight";
				INFOPLIST_KEY_UISupportedInterfaceOrientations_iPhone = "UIInterfaceOrientationPortrait UIInterfaceOrientationLandscapeLeft UIInterfaceOrientationLandscapeRight";
				IPHONEOS_DEPLOYMENT_TARGET = 13.0;
				LD_RUNPATH_SEARCH_PATHS = (
					"$(inherited)",
					"@executable_path/Frameworks",
				);
				MARKETING_VERSION = 1.0;
				PRODUCT_BUNDLE_IDENTIFIER = com.rinnnsob.HaluEumpyo;
				PRODUCT_NAME = "$(TARGET_NAME)";
				SWIFT_EMIT_LOC_STRINGS = YES;
				SWIFT_VERSION = 5.0;
				TARGETED_DEVICE_FAMILY = 1;
			};
			name = Release;
		};
		8368D7722801CF2200350621 /* Debug */ = {
			isa = XCBuildConfiguration;
			baseConfigurationReference = B4F4CB4C83240BD4873864DA /* Pods-HaluEumpyoTests.debug.xcconfig */;
			buildSettings = {
				ALWAYS_EMBED_SWIFT_STANDARD_LIBRARIES = YES;
				BUNDLE_LOADER = "$(TEST_HOST)";
				CODE_SIGN_STYLE = Automatic;
				CURRENT_PROJECT_VERSION = 1;
				DEVELOPMENT_TEAM = 67FA65927V;
				GENERATE_INFOPLIST_FILE = YES;
				IPHONEOS_DEPLOYMENT_TARGET = 15.2;
				MARKETING_VERSION = 1.0;
				PRODUCT_BUNDLE_IDENTIFIER = com.rinnnsob.HaluEumpyoTests;
				PRODUCT_NAME = "$(TARGET_NAME)";
				SWIFT_EMIT_LOC_STRINGS = NO;
				SWIFT_VERSION = 5.0;
				TARGETED_DEVICE_FAMILY = "1,2";
				TEST_HOST = "$(BUILT_PRODUCTS_DIR)/HaluEumpyo.app/HaluEumpyo";
			};
			name = Debug;
		};
		8368D7732801CF2200350621 /* Release */ = {
			isa = XCBuildConfiguration;
			baseConfigurationReference = 15024EF1603E9D93FAFBB195 /* Pods-HaluEumpyoTests.release.xcconfig */;
			buildSettings = {
				ALWAYS_EMBED_SWIFT_STANDARD_LIBRARIES = YES;
				BUNDLE_LOADER = "$(TEST_HOST)";
				CODE_SIGN_STYLE = Automatic;
				CURRENT_PROJECT_VERSION = 1;
				DEVELOPMENT_TEAM = 67FA65927V;
				GENERATE_INFOPLIST_FILE = YES;
				IPHONEOS_DEPLOYMENT_TARGET = 15.2;
				MARKETING_VERSION = 1.0;
				PRODUCT_BUNDLE_IDENTIFIER = com.rinnnsob.HaluEumpyoTests;
				PRODUCT_NAME = "$(TARGET_NAME)";
				SWIFT_EMIT_LOC_STRINGS = NO;
				SWIFT_VERSION = 5.0;
				TARGETED_DEVICE_FAMILY = "1,2";
				TEST_HOST = "$(BUILT_PRODUCTS_DIR)/HaluEumpyo.app/HaluEumpyo";
			};
			name = Release;
		};
		8368D7752801CF2200350621 /* Debug */ = {
			isa = XCBuildConfiguration;
			baseConfigurationReference = BF1E4D5114F49750F5C1BEC9 /* Pods-HaluEumpyo-HaluEumpyoUITests.debug.xcconfig */;
			buildSettings = {
				ALWAYS_EMBED_SWIFT_STANDARD_LIBRARIES = YES;
				CODE_SIGN_STYLE = Automatic;
				CURRENT_PROJECT_VERSION = 1;
				DEVELOPMENT_TEAM = 67FA65927V;
				GENERATE_INFOPLIST_FILE = YES;
				MARKETING_VERSION = 1.0;
				PRODUCT_BUNDLE_IDENTIFIER = com.rinnnsob.HaluEumpyoUITests;
				PRODUCT_NAME = "$(TARGET_NAME)";
				SWIFT_EMIT_LOC_STRINGS = NO;
				SWIFT_VERSION = 5.0;
				TARGETED_DEVICE_FAMILY = "1,2";
				TEST_TARGET_NAME = HaluEumpyo;
			};
			name = Debug;
		};
		8368D7762801CF2200350621 /* Release */ = {
			isa = XCBuildConfiguration;
			baseConfigurationReference = B9DCAD6091EE5451F173EEFA /* Pods-HaluEumpyo-HaluEumpyoUITests.release.xcconfig */;
			buildSettings = {
				ALWAYS_EMBED_SWIFT_STANDARD_LIBRARIES = YES;
				CODE_SIGN_STYLE = Automatic;
				CURRENT_PROJECT_VERSION = 1;
				DEVELOPMENT_TEAM = 67FA65927V;
				GENERATE_INFOPLIST_FILE = YES;
				MARKETING_VERSION = 1.0;
				PRODUCT_BUNDLE_IDENTIFIER = com.rinnnsob.HaluEumpyoUITests;
				PRODUCT_NAME = "$(TARGET_NAME)";
				SWIFT_EMIT_LOC_STRINGS = NO;
				SWIFT_VERSION = 5.0;
				TARGETED_DEVICE_FAMILY = "1,2";
				TEST_TARGET_NAME = HaluEumpyo;
			};
			name = Release;
		};
/* End XCBuildConfiguration section */

/* Begin XCConfigurationList section */
		8368D73F2801CF1F00350621 /* Build configuration list for PBXProject "HaluEumpyo" */ = {
			isa = XCConfigurationList;
			buildConfigurations = (
				8368D76C2801CF2200350621 /* Debug */,
				8368D76D2801CF2200350621 /* Release */,
			);
			defaultConfigurationIsVisible = 0;
			defaultConfigurationName = Release;
		};
		8368D76E2801CF2200350621 /* Build configuration list for PBXNativeTarget "HaluEumpyo" */ = {
			isa = XCConfigurationList;
			buildConfigurations = (
				8368D76F2801CF2200350621 /* Debug */,
				8368D7702801CF2200350621 /* Release */,
			);
			defaultConfigurationIsVisible = 0;
			defaultConfigurationName = Release;
		};
		8368D7712801CF2200350621 /* Build configuration list for PBXNativeTarget "HaluEumpyoTests" */ = {
			isa = XCConfigurationList;
			buildConfigurations = (
				8368D7722801CF2200350621 /* Debug */,
				8368D7732801CF2200350621 /* Release */,
			);
			defaultConfigurationIsVisible = 0;
			defaultConfigurationName = Release;
		};
		8368D7742801CF2200350621 /* Build configuration list for PBXNativeTarget "HaluEumpyoUITests" */ = {
			isa = XCConfigurationList;
			buildConfigurations = (
				8368D7752801CF2200350621 /* Debug */,
				8368D7762801CF2200350621 /* Release */,
			);
			defaultConfigurationIsVisible = 0;
			defaultConfigurationName = Release;
		};
/* End XCConfigurationList section */
	};
	rootObject = 8368D73C2801CF1F00350621 /* Project object */;
}
